{
  "name": "athlete-performance-dashboard",
  "lockfileVersion": 3,
  "requires": true,
  "packages": {
    "": {
      "name": "athlete-performance-dashboard",
      "workspaces": [
        "apps/*",
        "packages/*"
      ],
      "devDependencies": {
        "prettier": "^3.2.5",
        "turbo": "^2.2.3",
        "typescript": "5.5.4"
      },
      "engines": {
        "node": ">=18"
      }
    },
    "node_modules/@types/node": {
      "version": "22.8.4",
      "resolved": "https://registry.npmjs.org/@types/node/-/node-22.8.4.tgz",
      "integrity": "sha512-SpNNxkftTJOPk0oN+y2bIqurEXHTA2AOZ3EJDDKeJ5VzkvvORSvmQXGQarcOzWV1ac7DCaPBEdMDxBsM+d8jWw==",
      "dev": true,
      "dependencies": {
        "undici-types": "~6.19.8"
      }
    },
    "node_modules/prettier": {
      "version": "3.3.3",
      "resolved": "https://registry.npmjs.org/prettier/-/prettier-3.3.3.tgz",
      "integrity": "sha512-i2tDNA0O5IrMO757lfrdQZCc2jPNDVntV0m/+4whiDfWaTKfMNgR7Qz0NAeGz/nRqF4m5/6CLzbP4/liHt12Ew==",
      "dev": true,
      "license": "MIT",
      "bin": {
        "prettier": "bin/prettier.cjs"
      },
      "engines": {
        "node": ">=14"
      },
      "funding": {
        "url": "https://github.com/prettier/prettier?sponsor=1"
      }
    },
    "node_modules/shared-types": {
      "resolved": "packages/shared-types",
      "link": true
    },
    "node_modules/turbo": {
      "version": "2.2.3",
      "resolved": "https://registry.npmjs.org/turbo/-/turbo-2.2.3.tgz",
      "integrity": "sha512-5lDvSqIxCYJ/BAd6rQGK/AzFRhBkbu4JHVMLmGh/hCb7U3CqSnr5Tjwfy9vc+/5wG2DJ6wttgAaA7MoCgvBKZQ==",
      "dev": true,
      "license": "MIT",
      "bin": {
        "turbo": "bin/turbo"
      },
      "optionalDependencies": {
        "turbo-darwin-64": "2.2.3",
        "turbo-darwin-arm64": "2.2.3",
        "turbo-linux-64": "2.2.3",
        "turbo-linux-arm64": "2.2.3",
        "turbo-windows-64": "2.2.3",
        "turbo-windows-arm64": "2.2.3"
      }
    },
    "node_modules/turbo-darwin-64": {
      "version": "2.2.3",
      "resolved": "https://registry.npmjs.org/turbo-darwin-64/-/turbo-darwin-64-2.2.3.tgz",
      "integrity": "sha512-Rcm10CuMKQGcdIBS3R/9PMeuYnv6beYIHqfZFeKWVYEWH69sauj4INs83zKMTUiZJ3/hWGZ4jet9AOwhsssLyg==",
      "cpu": [
        "x64"
      ],
      "dev": true,
      "license": "MIT",
      "optional": true,
      "os": [
        "darwin"
      ]
    },
    "node_modules/typescript": {
      "version": "5.5.4",
      "resolved": "https://registry.npmjs.org/typescript/-/typescript-5.5.4.tgz",
      "integrity": "sha512-Mtq29sKDAEYP7aljRgtPOpTvOfbwRWlS6dPRzwjdE+C0R4brX/GUyhHSecbHMFLNBLcJIPt9nl9yG5TZ1weH+Q==",
      "dev": true,
      "license": "Apache-2.0",
      "bin": {
        "tsc": "bin/tsc",
        "tsserver": "bin/tsserver"
      },
      "engines": {
        "node": ">=14.17"
      }
    },
    "node_modules/undici-types": {
      "version": "6.19.8",
      "resolved": "https://registry.npmjs.org/undici-types/-/undici-types-6.19.8.tgz",
      "integrity": "sha512-ve2KP6f/JnbPBFyobGHuerC9g1FYGn/F8n1LWTwNxCEzd6IfqTwUQcNXgEtmmQ6DlRrC1hrSrBnCZPokRrDHjw==",
      "dev": true,
      "license": "MIT"
    },
    "packages/shared-types": {
      "version": "1.0.0",
      "license": "ISC",
      "devDependencies": {
        "@types/node": "^22.8.4",
        "typescript": "^5.6.3"
      }
    },
    "packages/shared-types/node_modules/typescript": {
      "version": "5.6.3",
      "resolved": "https://registry.npmjs.org/typescript/-/typescript-5.6.3.tgz",
      "integrity": "sha512-hjcS1mhfuyi4WW8IWtjP7brDrG2cuDZukyrYrSauoXGNgx0S7zceP07adYkJycEr56BOUTNPzbInooiN3fn1qw==",
      "dev": true,
      "bin": {
        "tsc": "bin/tsc",
        "tsserver": "bin/tsserver"
      },
      "engines": {
        "node": ">=14.17"
      }
    }
  }
}
